// !$*UTF8*$!
{
	archiveVersion = 1;
	classes = {
	};
	objectVersion = 46;
	objects = {

/* Begin PBXBuildFile section */
		FC0AA2761EB174160084F96B /* AppDelegate.swift in Sources */ = {isa = PBXBuildFile; fileRef = FC0AA2751EB174160084F96B /* AppDelegate.swift */; };
		FC0AA2781EB174160084F96B /* ViewController.swift in Sources */ = {isa = PBXBuildFile; fileRef = FC0AA2771EB174160084F96B /* ViewController.swift */; };
		FC0AA27B1EB174160084F96B /* Main.storyboard in Resources */ = {isa = PBXBuildFile; fileRef = FC0AA2791EB174160084F96B /* Main.storyboard */; };
		FC0AA27E1EB174160084F96B /* EmojiSwiper.xcdatamodeld in Sources */ = {isa = PBXBuildFile; fileRef = FC0AA27C1EB174160084F96B /* EmojiSwiper.xcdatamodeld */; };
		FC0AA2801EB174160084F96B /* Assets.xcassets in Resources */ = {isa = PBXBuildFile; fileRef = FC0AA27F1EB174160084F96B /* Assets.xcassets */; };
		FC0AA2831EB174160084F96B /* LaunchScreen.storyboard in Resources */ = {isa = PBXBuildFile; fileRef = FC0AA2811EB174160084F96B /* LaunchScreen.storyboard */; };
/* End PBXBuildFile section */

/* Begin PBXFileReference section */
		FC0AA2721EB174160084F96B /* EmojiSwiper.app */ = {isa = PBXFileReference; explicitFileType = wrapper.application; includeInIndex = 0; path = EmojiSwiper.app; sourceTree = BUILT_PRODUCTS_DIR; };
		FC0AA2751EB174160084F96B /* AppDelegate.swift */ = {isa = PBXFileReference; lastKnownFileType = sourcecode.swift; path = AppDelegate.swift; sourceTree = "<group>"; };
		FC0AA2771EB174160084F96B /* ViewController.swift */ = {isa = PBXFileReference; lastKnownFileType = sourcecode.swift; path = ViewController.swift; sourceTree = "<group>"; };
		FC0AA27A1EB174160084F96B /* Base */ = {isa = PBXFileReference; lastKnownFileType = file.storyboard; name = Base; path = Base.lproj/Main.storyboard; sourceTree = "<group>"; };
		FC0AA27D1EB174160084F96B /* EmojiSwiper.xcdatamodel */ = {isa = PBXFileReference; lastKnownFileType = wrapper.xcdatamodel; path = EmojiSwiper.xcdatamodel; sourceTree = "<group>"; };
		FC0AA27F1EB174160084F96B /* Assets.xcassets */ = {isa = PBXFileReference; lastKnownFileType = folder.assetcatalog; path = Assets.xcassets; sourceTree = "<group>"; };
		FC0AA2821EB174160084F96B /* Base */ = {isa = PBXFileReference; lastKnownFileType = file.storyboard; name = Base; path = Base.lproj/LaunchScreen.storyboard; sourceTree = "<group>"; };
		FC0AA2841EB174160084F96B /* Info.plist */ = {isa = PBXFileReference; lastKnownFileType = text.plist.xml; path = Info.plist; sourceTree = "<group>"; };
/* End PBXFileReference section */

/* Begin PBXFrameworksBuildPhase section */
		FC0AA26F1EB174160084F96B /* Frameworks */ = {
			isa = PBXFrameworksBuildPhase;
			buildActionMask = 2147483647;
			files = (
			);
			runOnlyForDeploymentPostprocessing = 0;
		};
/* End PBXFrameworksBuildPhase section */

/* Begin PBXGroup section */
		FC0AA2691EB174160084F96B = {
			isa = PBXGroup;
			children = (
				FC0AA2741EB174160084F96B /* EmojiSwiper */,
				FC0AA2731EB174160084F96B /* Products */,
			);
			sourceTree = "<group>";
		};
		FC0AA2731EB174160084F96B /* Products */ = {
			isa = PBXGroup;
			children = (
				FC0AA2721EB174160084F96B /* EmojiSwiper.app */,
			);
			name = Products;
			sourceTree = "<group>";
		};
		FC0AA2741EB174160084F96B /* EmojiSwiper */ = {
			isa = PBXGroup;
			children = (
				FC0AA2751EB174160084F96B /* AppDelegate.swift */,
				FC0AA2771EB174160084F96B /* ViewController.swift */,
				FC0AA2791EB174160084F96B /* Main.storyboard */,
				FC0AA27F1EB174160084F96B /* Assets.xcassets */,
				FC0AA2811EB174160084F96B /* LaunchScreen.storyboard */,
				FC0AA2841EB174160084F96B /* Info.plist */,
				FC0AA27C1EB174160084F96B /* EmojiSwiper.xcdatamodeld */,
			);
			path = EmojiSwiper;
			sourceTree = "<group>";
		};
/* End PBXGroup section */

/* Begin PBXNativeTarget section */
		FC0AA2711EB174160084F96B /* EmojiSwiper */ = {
			isa = PBXNativeTarget;
			buildConfigurationList = FC0AA2871EB174160084F96B /* Build configuration list for PBXNativeTarget "EmojiSwiper" */;
			buildPhases = (
				FC0AA26E1EB174160084F96B /* Sources */,
				FC0AA26F1EB174160084F96B /* Frameworks */,
				FC0AA2701EB174160084F96B /* Resources */,
			);
			buildRules = (
			);
			dependencies = (
			);
			name = EmojiSwiper;
			productName = EmojiSwiper;
			productReference = FC0AA2721EB174160084F96B /* EmojiSwiper.app */;
			productType = "com.apple.product-type.application";
		};
/* End PBXNativeTarget section */

/* Begin PBXProject section */
		FC0AA26A1EB174160084F96B /* Project object */ = {
			isa = PBXProject;
			attributes = {
				LastSwiftUpdateCheck = 0830;
				LastUpgradeCheck = 0830;
				ORGANIZATIONNAME = "Zhou Wei Ran";
				TargetAttributes = {
					FC0AA2711EB174160084F96B = {
						CreatedOnToolsVersion = 8.3.1;
						DevelopmentTeam = HTG5RPJ6QF;
						ProvisioningStyle = Automatic;
					};
				};
			};
			buildConfigurationList = FC0AA26D1EB174160084F96B /* Build configuration list for PBXProject "EmojiSwiper" */;
			compatibilityVersion = "Xcode 3.2";
			developmentRegion = English;
			hasScannedForEncodings = 0;
			knownRegions = (
				en,
				Base,
			);
			mainGroup = FC0AA2691EB174160084F96B;
			productRefGroup = FC0AA2731EB174160084F96B /* Products */;
			projectDirPath = "";
			projectRoot = "";
			targets = (
				FC0AA2711EB174160084F96B /* EmojiSwiper */,
			);
		};
/* End PBXProject section */

/* Begin PBXResourcesBuildPhase section */
		FC0AA2701EB174160084F96B /* Resources */ = {
			isa = PBXResourcesBuildPhase;
			buildActionMask = 2147483647;
			files = (
				FC0AA2831EB174160084F96B /* LaunchScreen.storyboard in Resources */,
				FC0AA2801EB174160084F96B /* Assets.xcassets in Resources */,
				FC0AA27B1EB174160084F96B /* Main.storyboard in Resources */,
			);
			runOnlyForDeploymentPostprocessing = 0;
		};
/* End PBXResourcesBuildPhase section */

/* Begin PBXSourcesBuildPhase section */
		FC0AA26E1EB174160084F96B /* Sources */ = {
			isa = PBXSourcesBuildPhase;
			buildActionMask = 2147483647;
			files = (
				FC0AA2781EB174160084F96B /* ViewController.swift in Sources */,
				FC0AA27E1EB174160084F96B /* EmojiSwiper.xcdatamodeld in Sources */,
				FC0AA2761EB174160084F96B /* AppDelegate.swift in Sources */,
			);
			runOnlyForDeploymentPostprocessing = 0;
		};
/* End PBXSourcesBuildPhase section */

/* Begin PBXVariantGroup section */
		FC0AA2791EB174160084F96B /* Main.storyboard */ = {
			isa = PBXVariantGroup;
			children = (
				FC0AA27A1EB174160084F96B /* Base */,
			);
			name = Main.storyboard;
			sourceTree = "<group>";
		};
		FC0AA2811EB174160084F96B /* LaunchScreen.storyboard */ = {
			isa = PBXVariantGroup;
			children = (
				FC0AA2821EB174160084F96B /* Base */,
			);
			name = LaunchScreen.storyboard;
			sourceTree = "<group>";
		};
/* End PBXVariantGroup section */

/* Begin XCBuildConfiguration section */
		FC0AA2851EB174160084F96B /* Debug */ = {
			isa = XCBuildConfiguration;
			buildSettings = {
				ALWAYS_SEARCH_USER_PATHS = NO;
				CLANG_ANALYZER_NONNULL = YES;
				CLANG_ANALYZER_NUMBER_OBJECT_CONVERSION = YES_AGGRESSIVE;
				CLANG_CXX_LANGUAGE_STANDARD = "gnu++0x";
				CLANG_CXX_LIBRARY = "libc++";
				CLANG_ENABLE_MODULES = YES;
				CLANG_ENABLE_OBJC_ARC = YES;
				CLANG_WARN_BOOL_CONVERSION = YES;
				CLANG_WARN_CONSTANT_CONVERSION = YES;
				CLANG_WARN_DIRECT_OBJC_ISA_USAGE = YES_ERROR;
				CLANG_WARN_DOCUMENTATION_COMMENTS = YES;
				CLANG_WARN_EMPTY_BODY = YES;
				CLANG_WARN_ENUM_CONVERSION = YES;
				CLANG_WARN_INFINITE_RECURSION = YES;
				CLANG_WARN_INT_CONVERSION = YES;
				CLANG_WARN_OBJC_ROOT_CLASS = YES_ERROR;
				CLANG_WARN_SUSPICIOUS_MOVE = YES;
				CLANG_WARN_UNREACHABLE_CODE = YES;
				CLANG_WARN__DUPLICATE_METHOD_MATCH = YES;
				"CODE_SIGN_IDENTITY[sdk=iphoneos*]" = "iPhone Developer";
				COPY_PHASE_STRIP = NO;
				DEBUG_INFORMATION_FORMAT = dwarf;
				ENABLE_STRICT_OBJC_MSGSEND = YES;
				ENABLE_TESTABILITY = YES;
				GCC_C_LANGUAGE_STANDARD = gnu99;
				GCC_DYNAMIC_NO_PIC = NO;
				GCC_NO_COMMON_BLOCKS = YES;
				GCC_OPTIMIZATION_LEVEL = 0;
				GCC_PREPROCESSOR_DEFINITIONS = (
					"DEBUG=1",
					"$(inherited)",
				);
				GCC_WARN_64_TO_32_BIT_CONVERSION = YES;
				GCC_WARN_ABOUT_RETURN_TYPE = YES_ERROR;
				GCC_WARN_UNDECLARED_SELECTOR = YES;
				GCC_WARN_UNINITIALIZED_AUTOS = YES_AGGRESSIVE;
				GCC_WARN_UNUSED_FUNCTION = YES;
				GCC_WARN_UNUSED_VARIABLE = YES;
				IPHONEOS_DEPLOYMENT_TARGET = 10.3;
				MTL_ENABLE_DEBUG_INFO = YES;
				ONLY_ACTIVE_ARCH = YES;
				SDKROOT = iphoneos;
				SWIFT_ACTIVE_COMPILATION_CONDITIONS = DEBUG;
				SWIFT_OPTIMIZATION_LEVEL = "-Onone";
			};
			name = Debug;
		};
		FC0AA2861EB174160084F96B /* Release */ = {
			isa = XCBuildConfiguration;
			buildSettings = {
				ALWAYS_SEARCH_USER_PATHS = NO;
				CLANG_ANALYZER_NONNULL = YES;
				CLANG_ANALYZER_NUMBER_OBJECT_CONVERSION = YES_AGGRESSIVE;
				CLANG_CXX_LANGUAGE_STANDARD = "gnu++0x";
				CLANG_CXX_LIBRARY = "libc++";
				CLANG_ENABLE_MODULES = YES;
				CLANG_ENABLE_OBJC_ARC = YES;
				CLANG_WARN_BOOL_CONVERSION = YES;
				CLANG_WARN_CONSTANT_CONVERSION = YES;
				CLANG_WARN_DIRECT_OBJC_ISA_USAGE = YES_ERROR;
				CLANG_WARN_DOCUMENTATION_COMMENTS = YES;
				CLANG_WARN_EMPTY_BODY = YES;
				CLANG_WARN_ENUM_CONVERSION = YES;
				CLANG_WARN_INFINITE_RECURSION = YES;
				CLANG_WARN_INT_CONVERSION = YES;
				CLANG_WARN_OBJC_ROOT_CLASS = YES_ERROR;
				CLANG_WARN_SUSPICIOUS_MOVE = YES;
				CLANG_WARN_UNREACHABLE_CODE = YES;
				CLANG_WARN__DUPLICATE_METHOD_MATCH = YES;
				"CODE_SIGN_IDENTITY[sdk=iphoneos*]" = "iPhone Developer";
				COPY_PHASE_STRIP = NO;
				DEBUG_INFORMATION_FORMAT = "dwarf-with-dsym";
				ENABLE_NS_ASSERTIONS = NO;
				ENABLE_STRICT_OBJC_MSGSEND = YES;
				GCC_C_LANGUAGE_STANDARD = gnu99;
				GCC_NO_COMMON_BLOCKS = YES;
				GCC_WARN_64_TO_32_BIT_CONVERSION = YES;
				GCC_WARN_ABOUT_RETURN_TYPE = YES_ERROR;
				GCC_WARN_UNDECLARED_SELECTOR = YES;
				GCC_WARN_UNINITIALIZED_AUTOS = YES_AGGRESSIVE;
				GCC_WARN_UNUSED_FUNCTION = YES;
				GCC_WARN_UNUSED_VARIABLE = YES;
				IPHONEOS_DEPLOYMENT_TARGET = 10.3;
				MTL_ENABLE_DEBUG_INFO = NO;
				SDKROOT = iphoneos;
				SWIFT_OPTIMIZATION_LEVEL = "-Owholemodule";
				VALIDATE_PRODUCT = YES;
			};
			name = Release;
		};
		FC0AA2881EB174160084F96B /* Debug */ = {
			isa = XCBuildConfiguration;
			buildSettings = {
				ASSETCATALOG_COMPILER_APPICON_NAME = AppIcon;
				DEVELOPMENT_TEAM = HTG5RPJ6QF;
				INFOPLIST_FILE = EmojiSwiper/Info.plist;
				LD_RUNPATH_SEARCH_PATHS = "$(inherited) @executable_path/Frameworks";
				PRODUCT_BUNDLE_IDENTIFIER = "-120102776-zju.edu.cn.EmojiSwiper";
				PRODUCT_NAME = "$(TARGET_NAME)";
				SWIFT_VERSION = 3.0;
			};
			name = Debug;
		};
		FC0AA2891EB174160084F96B /* Release */ = {
			isa = XCBuildConfiguration;
			buildSettings = {
				ASSETCATALOG_COMPILER_APPICON_NAME = AppIcon;
				DEVELOPMENT_TEAM = HTG5RPJ6QF;
				INFOPLIST_FILE = EmojiSwiper/Info.plist;
				LD_RUNPATH_SEARCH_PATHS = "$(inherited) @executable_path/Frameworks";
				PRODUCT_BUNDLE_IDENTIFIER = "-120102776-zju.edu.cn.EmojiSwiper";
				PRODUCT_NAME = "$(TARGET_NAME)";
				SWIFT_VERSION = 3.0;
			};
			name = Release;
		};
/* End XCBuildConfiguration section */

/* Begin XCConfigurationList section */
		FC0AA26D1EB174160084F96B /* Build configuration list for PBXProject "EmojiSwiper" */ = {
			isa = XCConfigurationList;
			buildConfigurations = (
				FC0AA2851EB174160084F96B /* Debug */,
				FC0AA2861EB174160084F96B /* Release */,
			);
			defaultConfigurationIsVisible = 0;
			defaultConfigurationName = Release;
		};
		FC0AA2871EB174160084F96B /* Build configuration list for PBXNativeTarget "EmojiSwiper" */ = {
			isa = XCConfigurationList;
			buildConfigurations = (
				FC0AA2881EB174160084F96B /* Debug */,
				FC0AA2891EB174160084F96B /* Release */,
			);
			defaultConfigurationIsVisible = 0;
		};
/* End XCConfigurationList section */

/* Begin XCVersionGroup section */
		FC0AA27C1EB174160084F96B /* EmojiSwiper.xcdatamodeld */ = {
			isa = XCVersionGroup;
			children = (
				FC0AA27D1EB174160084F96B /* EmojiSwiper.xcdatamodel */,
			);
			currentVersion = FC0AA27D1EB174160084F96B /* EmojiSwiper.xcdatamodel */;
			path = EmojiSwiper.xcdatamodeld;
			sourceTree = "<group>";
			versionGroupType = wrapper.xcdatamodel;
		};
/* End XCVersionGroup section */
	};
	rootObject = FC0AA26A1EB174160084F96B /* Project object */;
}
